<?xml version="1.0" encoding="utf-8"?>
<Project ToolsVersion="4.0" xmlns="http://schemas.microsoft.com/developer/msbuild/2003">
  <ItemGroup>
    <Filter Include="Source">
      <UniqueIdentifier>{14ee40a4-b365-48ba-91f8-7fb98f86efb1}</UniqueIdentifier>
    </Filter>
    <Filter Include="Headers">
      <UniqueIdentifier>{0fa2f16d-4af8-49f3-b79b-c34dc1db12c8}</UniqueIdentifier>
    </Filter>
    <Filter Include="Utils">
      <UniqueIdentifier>{c20d5aab-3bd5-4d49-a900-b27913514ea5}</UniqueIdentifier>
    </Filter>
    <Filter Include="SDK">
      <UniqueIdentifier>{e131472d-cdf2-4a9a-94bb-7c2b8bd58aae}</UniqueIdentifier>
    </Filter>
    <Filter Include="Globals">
      <UniqueIdentifier>{749362ae-117d-4391-89e5-21592575776e}</UniqueIdentifier>
    </Filter>
    <Filter Include="Detours">
      <UniqueIdentifier>{8a869828-e950-424d-b3fc-c5a50c24ef9a}</UniqueIdentifier>
    </Filter>
  </ItemGroup>
  <ItemGroup>
    <ClCompile Include="main.cpp">
      <Filter>Source</Filter>
    </ClCompile>
    <ClCompile Include="Utils.cpp">
      <Filter>Utils</Filter>
    </ClCompile>
    <ClCompile Include="Globals.cpp">
      <Filter>Globals</Filter>
    </ClCompile>
    <ClCompile Include="SDK\MirM_Package.cpp">
      <Filter>SDK</Filter>
    </ClCompile>
    <ClCompile Include="SDK\CoreUObject_Package.cpp">
      <Filter>SDK</Filter>
    </ClCompile>
    <ClCompile Include="SDK\BasicTypes_Package.cpp">
      <Filter>SDK</Filter>
    </ClCompile>
    <ClCompile Include="SDK\Engine_Package.cpp">
      <Filter>SDK</Filter>
    </ClCompile>
    <ClCompile Include="SDK\InputCore_Package.cpp">
      <Filter>SDK</Filter>
    </ClCompile>
    <ClCompile Include="SDK\SlateCore_Package.cpp">
      <Filter>SDK</Filter>
    </ClCompile>
    <ClCompile Include="SDK\Slate_Package.cpp">
      <Filter>SDK</Filter>
    </ClCompile>
    <ClCompile Include="SDK\DeveloperSettings_Package.cpp">
      <Filter>SDK</Filter>
    </ClCompile>
    <ClCompile Include="SDK\PhysicsCore_Package.cpp">
      <Filter>SDK</Filter>
    </ClCompile>
    <ClCompile Include="SDK\UMG_Package.cpp">
      <Filter>SDK</Filter>
    </ClCompile>
    <ClCompile Include="SDK\MovieScene_Package.cpp">
      <Filter>SDK</Filter>
    </ClCompile>
    <ClCompile Include="SDK\ProtocolPlugins_Package.cpp">
      <Filter>SDK</Filter>
    </ClCompile>
    <ClCompile Include="SDK\AIModule_Package.cpp">
      <Filter>SDK</Filter>
    </ClCompile>
    <ClCompile Include="SDK\GameplayCameras_Package.cpp">
      <Filter>SDK</Filter>
    </ClCompile>
    <ClCompile Include="SDK\MovieSceneTracks_Package.cpp">
      <Filter>SDK</Filter>
    </ClCompile>
    <ClCompile Include="SDK\EasyFirebase_Package.cpp">
      <Filter>SDK</Filter>
    </ClCompile>
    <ClCompile Include="SDK\SignificanceManager_Package.cpp">
      <Filter>SDK</Filter>
    </ClCompile>
    <ClCompile Include="SDK\WebBrowser_Package.cpp">
      <Filter>SDK</Filter>
    </ClCompile>
    <ClCompile Include="SDK\WebBrowserWidget_Package.cpp">
      <Filter>SDK</Filter>
    </ClCompile>
    <ClCompile Include="SDK\Chaos_Package.cpp">
      <Filter>SDK</Filter>
    </ClCompile>
    <ClCompile Include="SDK\PropertyPath_Package.cpp">
      <Filter>SDK</Filter>
    </ClCompile>
    <ClCompile Include="SDK\GameplayTags_Package.cpp">
      <Filter>SDK</Filter>
    </ClCompile>
    <ClCompile Include="SDK\GameplayTasks_Package.cpp">
      <Filter>SDK</Filter>
    </ClCompile>
    <ClCompile Include="SDK\NavigationSystem_Package.cpp">
      <Filter>SDK</Filter>
    </ClCompile>
    <ClCompile Include="SDK\AudioAnalyzer_Package.cpp">
      <Filter>SDK</Filter>
    </ClCompile>
    <ClCompile Include="SDK\AudioMixer_Package.cpp">
      <Filter>SDK</Filter>
    </ClCompile>
    <ClCompile Include="SDK\AudioPlatformConfiguration_Package.cpp">
      <Filter>SDK</Filter>
    </ClCompile>
    <ClCompile Include="SDK\AudioSynesthesia_Package.cpp">
      <Filter>SDK</Filter>
    </ClCompile>
    <ClCompile Include="SDK\ChaosSolverEngine_Package.cpp">
      <Filter>SDK</Filter>
    </ClCompile>
    <ClCompile Include="SDK\ClothingSystemRuntimeInterface_Package.cpp">
      <Filter>SDK</Filter>
    </ClCompile>
    <ClCompile Include="SDK\FieldSystemEngine_Package.cpp">
      <Filter>SDK</Filter>
    </ClCompile>
    <ClCompile Include="SDK\GeometryCollectionEngine_Package.cpp">
      <Filter>SDK</Filter>
    </ClCompile>
    <ClCompile Include="SDK\InteractiveToolsFramework_Package.cpp">
      <Filter>SDK</Filter>
    </ClCompile>
    <ClCompile Include="SDK\PacketHandler_Package.cpp">
      <Filter>SDK</Filter>
    </ClCompile>
    <ClCompile Include="SDK\PropertyAccess_Package.cpp">
      <Filter>SDK</Filter>
    </ClCompile>
    <ClCompile Include="SDK\Synthesis_Package.cpp">
      <Filter>SDK</Filter>
    </ClCompile>
  </ItemGroup>
  <ItemGroup>
    <ClInclude Include="pch.h">
      <Filter>Headers</Filter>
    </ClInclude>
    <ClInclude Include="SDK.h">
      <Filter>Headers</Filter>
    </ClInclude>
    <ClInclude Include="Utils.h">
      <Filter>Utils</Filter>
    </ClInclude>
    <ClInclude Include="Globals.h">
      <Filter>Globals</Filter>
    </ClInclude>
    <ClInclude Include="Detours\detours.h">
      <Filter>Detours</Filter>
    </ClInclude>
    <ClInclude Include="SDK\MirM_Classes.h">
      <Filter>SDK</Filter>
    </ClInclude>
    <ClInclude Include="SDK\MirM_Package.h">
      <Filter>SDK</Filter>
    </ClInclude>
    <ClInclude Include="SDK\MirM_Params.h">
      <Filter>SDK</Filter>
    </ClInclude>
    <ClInclude Include="SDK\MirM_Structs.h">
      <Filter>SDK</Filter>
    </ClInclude>
    <ClInclude Include="SDK\CoreUObject_Classes.h">
      <Filter>SDK</Filter>
    </ClInclude>
    <ClInclude Include="SDK\CoreUObject_Package.h">
      <Filter>SDK</Filter>
    </ClInclude>
    <ClInclude Include="SDK\CoreUObject_Params.h">
      <Filter>SDK</Filter>
    </ClInclude>
    <ClInclude Include="SDK\CoreUObject_Structs.h">
      <Filter>SDK</Filter>
    </ClInclude>
    <ClInclude Include="SDK\BasicTypes_Classes.h">
      <Filter>SDK</Filter>
    </ClInclude>
    <ClInclude Include="SDK\BasicTypes_Package.h">
      <Filter>SDK</Filter>
    </ClInclude>
    <ClInclude Include="SDK\BasicTypes_Structs.h">
      <Filter>SDK</Filter>
    </ClInclude>
    <ClInclude Include="SDK\Engine_Classes.h">
      <Filter>SDK</Filter>
    </ClInclude>
    <ClInclude Include="SDK\Engine_Package.h">
      <Filter>SDK</Filter>
    </ClInclude>
    <ClInclude Include="SDK\Engine_Params.h">
      <Filter>SDK</Filter>
    </ClInclude>
    <ClInclude Include="SDK\Engine_Structs.h">
      <Filter>SDK</Filter>
    </ClInclude>
    <ClInclude Include="SDK\InputCore_Classes.h">
      <Filter>SDK</Filter>
    </ClInclude>
    <ClInclude Include="SDK\InputCore_Package.h">
      <Filter>SDK</Filter>
    </ClInclude>
    <ClInclude Include="SDK\InputCore_Params.h">
      <Filter>SDK</Filter>
    </ClInclude>
    <ClInclude Include="SDK\InputCore_Structs.h">
      <Filter>SDK</Filter>
    </ClInclude>
    <ClInclude Include="SDK\SlateCore_Classes.h">
      <Filter>SDK</Filter>
    </ClInclude>
    <ClInclude Include="SDK\SlateCore_Package.h">
      <Filter>SDK</Filter>
    </ClInclude>
    <ClInclude Include="SDK\SlateCore_Params.h">
      <Filter>SDK</Filter>
    </ClInclude>
    <ClInclude Include="SDK\SlateCore_Structs.h">
      <Filter>SDK</Filter>
    </ClInclude>
    <ClInclude Include="SDK\Slate_Classes.h">
      <Filter>SDK</Filter>
    </ClInclude>
    <ClInclude Include="SDK\Slate_Package.h">
      <Filter>SDK</Filter>
    </ClInclude>
    <ClInclude Include="SDK\Slate_Params.h">
      <Filter>SDK</Filter>
    </ClInclude>
    <ClInclude Include="SDK\Slate_Structs.h">
      <Filter>SDK</Filter>
    </ClInclude>
    <ClInclude Include="SDK\DeveloperSettings_Classes.h">
      <Filter>SDK</Filter>
    </ClInclude>
    <ClInclude Include="SDK\DeveloperSettings_Package.h">
      <Filter>SDK</Filter>
    </ClInclude>
    <ClInclude Include="SDK\DeveloperSettings_Params.h">
      <Filter>SDK</Filter>
    </ClInclude>
    <ClInclude Include="SDK\DeveloperSettings_Structs.h">
      <Filter>SDK</Filter>
    </ClInclude>
    <ClInclude Include="SDK\PhysicsCore_Classes.h">
      <Filter>SDK</Filter>
    </ClInclude>
    <ClInclude Include="SDK\PhysicsCore_Package.h">
      <Filter>SDK</Filter>
    </ClInclude>
    <ClInclude Include="SDK\PhysicsCore_Params.h">
      <Filter>SDK</Filter>
    </ClInclude>
    <ClInclude Include="SDK\PhysicsCore_Structs.h">
      <Filter>SDK</Filter>
    </ClInclude>
    <ClInclude Include="SDK\UMG_Classes.h">
      <Filter>SDK</Filter>
    </ClInclude>
    <ClInclude Include="SDK\UMG_Package.h">
      <Filter>SDK</Filter>
    </ClInclude>
    <ClInclude Include="SDK\UMG_Params.h">
      <Filter>SDK</Filter>
    </ClInclude>
    <ClInclude Include="SDK\UMG_Structs.h">
      <Filter>SDK</Filter>
    </ClInclude>
    <ClInclude Include="SDK\MovieScene_Classes.h">
      <Filter>SDK</Filter>
    </ClInclude>
    <ClInclude Include="SDK\MovieScene_Package.h">
      <Filter>SDK</Filter>
    </ClInclude>
    <ClInclude Include="SDK\MovieScene_Params.h">
      <Filter>SDK</Filter>
    </ClInclude>
    <ClInclude Include="SDK\MovieScene_Structs.h">
      <Filter>SDK</Filter>
    </ClInclude>
    <ClInclude Include="SDK\ProtocolPlugins_Classes.h">
      <Filter>SDK</Filter>
    </ClInclude>
    <ClInclude Include="SDK\ProtocolPlugins_Package.h">
      <Filter>SDK</Filter>
    </ClInclude>
    <ClInclude Include="SDK\ProtocolPlugins_Params.h">
      <Filter>SDK</Filter>
    </ClInclude>
    <ClInclude Include="SDK\ProtocolPlugins_Structs.h">
      <Filter>SDK</Filter>
    </ClInclude>
    <ClInclude Include="SDK\AIModule_Classes.h">
      <Filter>SDK</Filter>
    </ClInclude>
    <ClInclude Include="SDK\AIModule_Package.h">
      <Filter>SDK</Filter>
    </ClInclude>
    <ClInclude Include="SDK\AIModule_Params.h">
      <Filter>SDK</Filter>
    </ClInclude>
    <ClInclude Include="SDK\AIModule_Structs.h">
      <Filter>SDK</Filter>
    </ClInclude>
    <ClInclude Include="SDK\GameplayCameras_Classes.h">
      <Filter>SDK</Filter>
    </ClInclude>
    <ClInclude Include="SDK\GameplayCameras_Package.h">
      <Filter>SDK</Filter>
    </ClInclude>
    <ClInclude Include="SDK\GameplayCameras_Params.h">
      <Filter>SDK</Filter>
    </ClInclude>
    <ClInclude Include="SDK\GameplayCameras_Structs.h">
      <Filter>SDK</Filter>
    </ClInclude>
    <ClInclude Include="SDK\MovieSceneTracks_Classes.h">
      <Filter>SDK</Filter>
    </ClInclude>
    <ClInclude Include="SDK\MovieSceneTracks_Package.h">
      <Filter>SDK</Filter>
    </ClInclude>
    <ClInclude Include="SDK\MovieSceneTracks_Params.h">
      <Filter>SDK</Filter>
    </ClInclude>
    <ClInclude Include="SDK\MovieSceneTracks_Structs.h">
      <Filter>SDK</Filter>
    </ClInclude>
    <ClInclude Include="SDK\EasyFirebase_Classes.h">
      <Filter>SDK</Filter>
    </ClInclude>
    <ClInclude Include="SDK\EasyFirebase_Package.h">
      <Filter>SDK</Filter>
    </ClInclude>
    <ClInclude Include="SDK\EasyFirebase_Params.h">
      <Filter>SDK</Filter>
    </ClInclude>
    <ClInclude Include="SDK\EasyFirebase_Structs.h">
      <Filter>SDK</Filter>
    </ClInclude>
    <ClInclude Include="SDK\SignificanceManager_Classes.h">
      <Filter>SDK</Filter>
    </ClInclude>
    <ClInclude Include="SDK\SignificanceManager_Package.h">
      <Filter>SDK</Filter>
    </ClInclude>
    <ClInclude Include="SDK\SignificanceManager_Params.h">
      <Filter>SDK</Filter>
    </ClInclude>
    <ClInclude Include="SDK\SignificanceManager_Structs.h">
      <Filter>SDK</Filter>
    </ClInclude>
    <ClInclude Include="SDK\WebBrowser_Classes.h">
      <Filter>SDK</Filter>
    </ClInclude>
    <ClInclude Include="SDK\WebBrowser_Package.h">
      <Filter>SDK</Filter>
    </ClInclude>
    <ClInclude Include="SDK\WebBrowser_Params.h">
      <Filter>SDK</Filter>
    </ClInclude>
    <ClInclude Include="SDK\WebBrowser_Structs.h">
      <Filter>SDK</Filter>
    </ClInclude>
    <ClInclude Include="SDK\WebBrowserWidget_Classes.h">
      <Filter>SDK</Filter>
    </ClInclude>
    <ClInclude Include="SDK\WebBrowserWidget_Package.h">
      <Filter>SDK</Filter>
    </ClInclude>
    <ClInclude Include="SDK\WebBrowserWidget_Params.h">
      <Filter>SDK</Filter>
    </ClInclude>
    <ClInclude Include="SDK\WebBrowserWidget_Structs.h">
      <Filter>SDK</Filter>
    </ClInclude>
    <ClInclude Include="SDK\Chaos_Classes.h">
      <Filter>SDK</Filter>
    </ClInclude>
    <ClInclude Include="SDK\Chaos_Package.h">
      <Filter>SDK</Filter>
    </ClInclude>
    <ClInclude Include="SDK\Chaos_Params.h">
      <Filter>SDK</Filter>
    </ClInclude>
    <ClInclude Include="SDK\Chaos_Structs.h">
      <Filter>SDK</Filter>
    </ClInclude>
    <ClInclude Include="SDK\PropertyPath_Classes.h">
      <Filter>SDK</Filter>
    </ClInclude>
    <ClInclude Include="SDK\PropertyPath_Package.h">
      <Filter>SDK</Filter>
    </ClInclude>
    <ClInclude Include="SDK\PropertyPath_Params.h">
      <Filter>SDK</Filter>
    </ClInclude>
    <ClInclude Include="SDK\PropertyPath_Structs.h">
      <Filter>SDK</Filter>
    </ClInclude>
    <ClInclude Include="SDK\GameplayTags_Classes.h">
      <Filter>SDK</Filter>
    </ClInclude>
    <ClInclude Include="SDK\GameplayTags_Package.h">
      <Filter>SDK</Filter>
    </ClInclude>
    <ClInclude Include="SDK\GameplayTags_Params.h">
      <Filter>SDK</Filter>
    </ClInclude>
    <ClInclude Include="SDK\GameplayTags_Structs.h">
      <Filter>SDK</Filter>
    </ClInclude>
    <ClInclude Include="SDK\GameplayTasks_Classes.h">
      <Filter>SDK</Filter>
    </ClInclude>
    <ClInclude Include="SDK\GameplayTasks_Package.h">
      <Filter>SDK</Filter>
    </ClInclude>
    <ClInclude Include="SDK\GameplayTasks_Params.h">
      <Filter>SDK</Filter>
    </ClInclude>
    <ClInclude Include="SDK\GameplayTasks_Structs.h">
      <Filter>SDK</Filter>
    </ClInclude>
    <ClInclude Include="SDK\NavigationSystem_Classes.h">
      <Filter>SDK</Filter>
    </ClInclude>
    <ClInclude Include="SDK\NavigationSystem_Package.h">
      <Filter>SDK</Filter>
    </ClInclude>
    <ClInclude Include="SDK\NavigationSystem_Params.h">
      <Filter>SDK</Filter>
    </ClInclude>
    <ClInclude Include="SDK\NavigationSystem_Structs.h">
      <Filter>SDK</Filter>
    </ClInclude>
    <ClInclude Include="SDK\AudioAnalyzer_Classes.h">
      <Filter>SDK</Filter>
    </ClInclude>
    <ClInclude Include="SDK\AudioAnalyzer_Package.h">
      <Filter>SDK</Filter>
    </ClInclude>
    <ClInclude Include="SDK\AudioAnalyzer_Params.h">
      <Filter>SDK</Filter>
    </ClInclude>
    <ClInclude Include="SDK\AudioAnalyzer_Structs.h">
      <Filter>SDK</Filter>
    </ClInclude>
    <ClInclude Include="SDK\AudioMixer_Classes.h">
      <Filter>SDK</Filter>
    </ClInclude>
    <ClInclude Include="SDK\AudioMixer_Package.h">
      <Filter>SDK</Filter>
    </ClInclude>
    <ClInclude Include="SDK\AudioMixer_Params.h">
      <Filter>SDK</Filter>
    </ClInclude>
    <ClInclude Include="SDK\AudioMixer_Structs.h">
      <Filter>SDK</Filter>
    </ClInclude>
    <ClInclude Include="SDK\AudioPlatformConfiguration_Classes.h">
      <Filter>SDK</Filter>
    </ClInclude>
    <ClInclude Include="SDK\AudioPlatformConfiguration_Package.h">
      <Filter>SDK</Filter>
    </ClInclude>
    <ClInclude Include="SDK\AudioPlatformConfiguration_Params.h">
      <Filter>SDK</Filter>
    </ClInclude>
    <ClInclude Include="SDK\AudioPlatformConfiguration_Structs.h">
      <Filter>SDK</Filter>
    </ClInclude>
    <ClInclude Include="SDK\AudioSynesthesia_Classes.h">
      <Filter>SDK</Filter>
    </ClInclude>
    <ClInclude Include="SDK\AudioSynesthesia_Package.h">
      <Filter>SDK</Filter>
    </ClInclude>
    <ClInclude Include="SDK\AudioSynesthesia_Params.h">
      <Filter>SDK</Filter>
    </ClInclude>
    <ClInclude Include="SDK\AudioSynesthesia_Structs.h">
      <Filter>SDK</Filter>
    </ClInclude>
    <ClInclude Include="SDK\ChaosSolverEngine_Classes.h">
      <Filter>SDK</Filter>
    </ClInclude>
    <ClInclude Include="SDK\ChaosSolverEngine_Package.h">
      <Filter>SDK</Filter>
    </ClInclude>
    <ClInclude Include="SDK\ChaosSolverEngine_Params.h">
      <Filter>SDK</Filter>
    </ClInclude>
    <ClInclude Include="SDK\ChaosSolverEngine_Structs.h">
      <Filter>SDK</Filter>
    </ClInclude>
    <ClInclude Include="SDK\ClothingSystemRuntimeInterface_Classes.h">
      <Filter>SDK</Filter>
    </ClInclude>
    <ClInclude Include="SDK\ClothingSystemRuntimeInterface_Package.h">
      <Filter>SDK</Filter>
    </ClInclude>
    <ClInclude Include="SDK\ClothingSystemRuntimeInterface_Params.h">
      <Filter>SDK</Filter>
    </ClInclude>
    <ClInclude Include="SDK\ClothingSystemRuntimeInterface_Structs.h">
      <Filter>SDK</Filter>
    </ClInclude>
    <ClInclude Include="SDK\FieldSystemEngine_Classes.h">
      <Filter>SDK</Filter>
    </ClInclude>
    <ClInclude Include="SDK\FieldSystemEngine_Package.h">
      <Filter>SDK</Filter>
    </ClInclude>
    <ClInclude Include="SDK\FieldSystemEngine_Params.h">
      <Filter>SDK</Filter>
    </ClInclude>
    <ClInclude Include="SDK\FieldSystemEngine_Structs.h">
      <Filter>SDK</Filter>
    </ClInclude>
    <ClInclude Include="SDK\GeometryCollectionEngine_Classes.h">
      <Filter>SDK</Filter>
    </ClInclude>
    <ClInclude Include="SDK\GeometryCollectionEngine_Package.h">
      <Filter>SDK</Filter>
    </ClInclude>
    <ClInclude Include="SDK\GeometryCollectionEngine_Params.h">
      <Filter>SDK</Filter>
    </ClInclude>
    <ClInclude Include="SDK\GeometryCollectionEngine_Structs.h">
      <Filter>SDK</Filter>
    </ClInclude>
    <ClInclude Include="SDK\InteractiveToolsFramework_Classes.h">
      <Filter>SDK</Filter>
    </ClInclude>
    <ClInclude Include="SDK\InteractiveToolsFramework_Package.h">
      <Filter>SDK</Filter>
    </ClInclude>
    <ClInclude Include="SDK\InteractiveToolsFramework_Params.h">
      <Filter>SDK</Filter>
    </ClInclude>
    <ClInclude Include="SDK\InteractiveToolsFramework_Structs.h">
      <Filter>SDK</Filter>
    </ClInclude>
    <ClInclude Include="SDK\PacketHandler_Classes.h">
      <Filter>SDK</Filter>
    </ClInclude>
    <ClInclude Include="SDK\PacketHandler_Package.h">
      <Filter>SDK</Filter>
    </ClInclude>
    <ClInclude Include="SDK\PacketHandler_Params.h">
      <Filter>SDK</Filter>
    </ClInclude>
    <ClInclude Include="SDK\PacketHandler_Structs.h">
      <Filter>SDK</Filter>
    </ClInclude>
    <ClInclude Include="SDK\PropertyAccess_Classes.h">
      <Filter>SDK</Filter>
    </ClInclude>
    <ClInclude Include="SDK\PropertyAccess_Package.h">
      <Filter>SDK</Filter>
    </ClInclude>
    <ClInclude Include="SDK\PropertyAccess_Params.h">
      <Filter>SDK</Filter>
    </ClInclude>
    <ClInclude Include="SDK\PropertyAccess_Structs.h">
      <Filter>SDK</Filter>
    </ClInclude>
    <ClInclude Include="SDK\Synthesis_Classes.h">
      <Filter>SDK</Filter>
    </ClInclude>
    <ClInclude Include="SDK\Synthesis_Package.h">
      <Filter>SDK</Filter>
    </ClInclude>
    <ClInclude Include="SDK\Synthesis_Params.h">
      <Filter>SDK</Filter>
    </ClInclude>
    <ClInclude Include="SDK\Synthesis_Structs.h">
      <Filter>SDK</Filter>
    </ClInclude>
  </ItemGroup>
  <ItemGroup>
    <Library Include="Detours\detours.lib">
      <Filter>Detours</Filter>
    </Library>
  </ItemGroup>
</Project>